
Microsoft Visual Studio Solution File, Format Version 12.00
# Visual Studio 2013
VisualStudioVersion = 12.0.30723.0
MinimumVisualStudioVersion = 10.0.40219.1
Project("{2150E333-8FDC-42A3-9474-1A3956D46DE8}") = "tests", "tests", "{15DAA044-35EF-41F9-AB85-9D341CCC7B47}"
EndProject
Project("{F2A71F9B-5D33-465A-A702-920D77279786}") = "Streams.Tests", "tests\Streams.Tests\Streams.Tests.fsproj", "{8038FF4D-0D3C-413A-AF87-35C7F905D117}"
EndProject
Project("{2150E333-8FDC-42A3-9474-1A3956D46DE8}") = ".nuget", ".nuget", "{43130C96-3849-4D0F-BA94-1097E8600A42}"
	ProjectSection(SolutionItems) = preProject
		.nuget\NuGet.Config = .nuget\NuGet.Config
		.nuget\NuGet.exe = .nuget\NuGet.exe
		.nuget\NuGet.targets = .nuget\NuGet.targets
		.nuget\packages.config = .nuget\packages.config
	EndProjectSection
EndProject
Project("{2150E333-8FDC-42A3-9474-1A3956D46DE8}") = "project", "project", "{3C970B16-C965-4A6A-9D17-877C0987A114}"
	ProjectSection(SolutionItems) = preProject
		.gitignore = .gitignore
		appveyor.yml = appveyor.yml
		build.cmd = build.cmd
		build.fsx = build.fsx
		build.sh = build.sh
		LICENSE.md = LICENSE.md
		README.md = README.md
		RELEASE_NOTES.md = RELEASE_NOTES.md
		RELEASE_NOTES_CLOUDSTREAM.md = RELEASE_NOTES_CLOUDSTREAM.md
	EndProjectSection
EndProject
Project("{FAE04EC0-301F-11D3-BF4B-00C04F79EFBC}") = "Streams.Tests.CSharp", "tests\Streams.Tests.CSharp\Streams.Tests.CSharp.csproj", "{6234FB0D-8ED6-4EA6-9B32-649EE9ED9FD1}"
EndProject
Project("{F2A71F9B-5D33-465A-A702-920D77279786}") = "Streams.Cloud", "src\Streams.Cloud\Streams.Cloud.fsproj", "{18F60AC5-898D-45C5-8713-BB0539D4200E}"
EndProject
Project("{F2A71F9B-5D33-465A-A702-920D77279786}") = "Streams.Cloud.Tests", "tests\Streams.Cloud.Tests\Streams.Cloud.Tests.fsproj", "{F9C8725D-EEB1-464E-9A3B-70D728F9E327}"
EndProject
Project("{2150E333-8FDC-42A3-9474-1A3956D46DE8}") = "samples", "samples", "{2B437217-9A05-49FB-98A5-B0F16955D966}"
EndProject
Project("{2150E333-8FDC-42A3-9474-1A3956D46DE8}") = "src", "src", "{0ECB96CE-A102-47CB-90AD-EBE1A39DB837}"
EndProject
Project("{2150E333-8FDC-42A3-9474-1A3956D46DE8}") = "docs", "docs", "{798BE411-3953-4097-A535-66F5CB1BAAF5}"
EndProject
Project("{2150E333-8FDC-42A3-9474-1A3956D46DE8}") = "content", "content", "{F7936399-7054-4084-8F3A-F29F25C28ACD}"
	ProjectSection(SolutionItems) = preProject
		docs\content\index.fsx = docs\content\index.fsx
	EndProjectSection
EndProject
Project("{2150E333-8FDC-42A3-9474-1A3956D46DE8}") = "files", "files", "{FE6DA698-6015-484A-B8E2-2D9560F64EEC}"
EndProject
Project("{2150E333-8FDC-42A3-9474-1A3956D46DE8}") = "tools", "tools", "{0D2466AE-AD7B-47F7-9403-2F4A9D6AD72C}"
	ProjectSection(SolutionItems) = preProject
		docs\tools\generate.fsx = docs\tools\generate.fsx
		docs\tools\packages.config = docs\tools\packages.config
	EndProjectSection
EndProject
Project("{2150E333-8FDC-42A3-9474-1A3956D46DE8}") = "templates", "templates", "{63279EB7-850C-465E-9176-C339EE587BF7}"
	ProjectSection(SolutionItems) = preProject
		docs\tools\templates\template.cshtml = docs\tools\templates\template.cshtml
	EndProjectSection
EndProject
Project("{2150E333-8FDC-42A3-9474-1A3956D46DE8}") = "img", "img", "{A9BADA98-1764-4717-9277-E0635EABA37F}"
	ProjectSection(SolutionItems) = preProject
		docs\files\img\fsharp.png = docs\files\img\fsharp.png
		docs\files\img\nessos.png = docs\files\img\nessos.png
	EndProjectSection
EndProject
Project("{2150E333-8FDC-42A3-9474-1A3956D46DE8}") = "nuget", "nuget", "{7E8195EC-5B5E-478C-B8D5-52F474AA6377}"
	ProjectSection(SolutionItems) = preProject
		nuget\Streams.Cloud.nuspec = nuget\Streams.Cloud.nuspec
		nuget\Streams.CSharp.nuspec = nuget\Streams.CSharp.nuspec
		nuget\Streams.nuspec = nuget\Streams.nuspec
	EndProjectSection
EndProject
Project("{F2A71F9B-5D33-465A-A702-920D77279786}") = "Streams", "src\Streams\Streams.fsproj", "{F3482666-F39C-4F49-8D0B-3583328D2C42}"
EndProject
Project("{FAE04EC0-301F-11D3-BF4B-00C04F79EFBC}") = "Streams.CSharp", "src\Streams.CSharp\Streams.CSharp.csproj", "{E6852495-8012-4694-BC0F-A5376CD84B1F}"
EndProject
Project("{F2A71F9B-5D33-465A-A702-920D77279786}") = "Streams.Cloud.Samples", "samples\Streams.Cloud.Samples\Streams.Cloud.Samples.fsproj", "{217E171A-C313-41AC-89D8-45B8B137469B}"
EndProject
Project("{FAE04EC0-301F-11D3-BF4B-00C04F79EFBC}") = "Streams.Cloud.CSharp", "src\Streams.Cloud.CSharp\Streams.Cloud.CSharp.csproj", "{81ADDB26-D5FF-404D-9620-36F9097E9CF1}"
EndProject
Project("{FAE04EC0-301F-11D3-BF4B-00C04F79EFBC}") = "Streams.Cloud.CSharp.Tests", "tests\Streams.Cloud.CSharp.Tests\Streams.Cloud.CSharp.Tests.csproj", "{7780067D-021D-4942-B630-B7DD03EFB069}"
EndProject
Global
	GlobalSection(SolutionConfigurationPlatforms) = preSolution
		Debug|Any CPU = Debug|Any CPU
		Release|Any CPU = Release|Any CPU
	EndGlobalSection
	GlobalSection(ProjectConfigurationPlatforms) = postSolution
		{8038FF4D-0D3C-413A-AF87-35C7F905D117}.Debug|Any CPU.ActiveCfg = Debug|Any CPU
		{8038FF4D-0D3C-413A-AF87-35C7F905D117}.Debug|Any CPU.Build.0 = Debug|Any CPU
		{8038FF4D-0D3C-413A-AF87-35C7F905D117}.Release|Any CPU.ActiveCfg = Release|Any CPU
		{8038FF4D-0D3C-413A-AF87-35C7F905D117}.Release|Any CPU.Build.0 = Release|Any CPU
		{6234FB0D-8ED6-4EA6-9B32-649EE9ED9FD1}.Debug|Any CPU.ActiveCfg = Debug|Any CPU
		{6234FB0D-8ED6-4EA6-9B32-649EE9ED9FD1}.Debug|Any CPU.Build.0 = Debug|Any CPU
		{6234FB0D-8ED6-4EA6-9B32-649EE9ED9FD1}.Release|Any CPU.ActiveCfg = Release|Any CPU
		{6234FB0D-8ED6-4EA6-9B32-649EE9ED9FD1}.Release|Any CPU.Build.0 = Release|Any CPU
		{18F60AC5-898D-45C5-8713-BB0539D4200E}.Debug|Any CPU.ActiveCfg = Debug|Any CPU
		{18F60AC5-898D-45C5-8713-BB0539D4200E}.Debug|Any CPU.Build.0 = Debug|Any CPU
		{18F60AC5-898D-45C5-8713-BB0539D4200E}.Release|Any CPU.ActiveCfg = Release|Any CPU
		{18F60AC5-898D-45C5-8713-BB0539D4200E}.Release|Any CPU.Build.0 = Release|Any CPU
		{F9C8725D-EEB1-464E-9A3B-70D728F9E327}.Debug|Any CPU.ActiveCfg = Debug|Any CPU
		{F9C8725D-EEB1-464E-9A3B-70D728F9E327}.Debug|Any CPU.Build.0 = Debug|Any CPU
		{F9C8725D-EEB1-464E-9A3B-70D728F9E327}.Release|Any CPU.ActiveCfg = Release|Any CPU
		{F9C8725D-EEB1-464E-9A3B-70D728F9E327}.Release|Any CPU.Build.0 = Release|Any CPU
		{F3482666-F39C-4F49-8D0B-3583328D2C42}.Debug|Any CPU.ActiveCfg = Debug|Any CPU
		{F3482666-F39C-4F49-8D0B-3583328D2C42}.Debug|Any CPU.Build.0 = Debug|Any CPU
		{F3482666-F39C-4F49-8D0B-3583328D2C42}.Release|Any CPU.ActiveCfg = Release|Any CPU
		{F3482666-F39C-4F49-8D0B-3583328D2C42}.Release|Any CPU.Build.0 = Release|Any CPU
		{E6852495-8012-4694-BC0F-A5376CD84B1F}.Debug|Any CPU.ActiveCfg = Debug|Any CPU
		{E6852495-8012-4694-BC0F-A5376CD84B1F}.Debug|Any CPU.Build.0 = Debug|Any CPU
		{E6852495-8012-4694-BC0F-A5376CD84B1F}.Release|Any CPU.ActiveCfg = Release|Any CPU
		{E6852495-8012-4694-BC0F-A5376CD84B1F}.Release|Any CPU.Build.0 = Release|Any CPU
		{217E171A-C313-41AC-89D8-45B8B137469B}.Debug|Any CPU.ActiveCfg = Debug|Any CPU
		{217E171A-C313-41AC-89D8-45B8B137469B}.Debug|Any CPU.Build.0 = Debug|Any CPU
		{217E171A-C313-41AC-89D8-45B8B137469B}.Release|Any CPU.ActiveCfg = Release|Any CPU
		{217E171A-C313-41AC-89D8-45B8B137469B}.Release|Any CPU.Build.0 = Release|Any CPU
		{81ADDB26-D5FF-404D-9620-36F9097E9CF1}.Debug|Any CPU.ActiveCfg = Debug|Any CPU
		{81ADDB26-D5FF-404D-9620-36F9097E9CF1}.Debug|Any CPU.Build.0 = Debug|Any CPU
		{81ADDB26-D5FF-404D-9620-36F9097E9CF1}.Release|Any CPU.ActiveCfg = Release|Any CPU
		{81ADDB26-D5FF-404D-9620-36F9097E9CF1}.Release|Any CPU.Build.0 = Release|Any CPU
		{7780067D-021D-4942-B630-B7DD03EFB069}.Debug|Any CPU.ActiveCfg = Debug|Any CPU
		{7780067D-021D-4942-B630-B7DD03EFB069}.Debug|Any CPU.Build.0 = Debug|Any CPU
		{7780067D-021D-4942-B630-B7DD03EFB069}.Release|Any CPU.ActiveCfg = Release|Any CPU
		{7780067D-021D-4942-B630-B7DD03EFB069}.Release|Any CPU.Build.0 = Release|Any CPU
	EndGlobalSection
	GlobalSection(SolutionProperties) = preSolution
		HideSolutionNode = FALSE
	EndGlobalSection
	GlobalSection(NestedProjects) = preSolution
		{8038FF4D-0D3C-413A-AF87-35C7F905D117} = {15DAA044-35EF-41F9-AB85-9D341CCC7B47}
		{6234FB0D-8ED6-4EA6-9B32-649EE9ED9FD1} = {15DAA044-35EF-41F9-AB85-9D341CCC7B47}
		{18F60AC5-898D-45C5-8713-BB0539D4200E} = {0ECB96CE-A102-47CB-90AD-EBE1A39DB837}
		{F9C8725D-EEB1-464E-9A3B-70D728F9E327} = {15DAA044-35EF-41F9-AB85-9D341CCC7B47}
		{F7936399-7054-4084-8F3A-F29F25C28ACD} = {798BE411-3953-4097-A535-66F5CB1BAAF5}
		{FE6DA698-6015-484A-B8E2-2D9560F64EEC} = {798BE411-3953-4097-A535-66F5CB1BAAF5}
		{0D2466AE-AD7B-47F7-9403-2F4A9D6AD72C} = {798BE411-3953-4097-A535-66F5CB1BAAF5}
		{63279EB7-850C-465E-9176-C339EE587BF7} = {0D2466AE-AD7B-47F7-9403-2F4A9D6AD72C}
		{A9BADA98-1764-4717-9277-E0635EABA37F} = {FE6DA698-6015-484A-B8E2-2D9560F64EEC}
		{7E8195EC-5B5E-478C-B8D5-52F474AA6377} = {3C970B16-C965-4A6A-9D17-877C0987A114}
		{F3482666-F39C-4F49-8D0B-3583328D2C42} = {0ECB96CE-A102-47CB-90AD-EBE1A39DB837}
		{E6852495-8012-4694-BC0F-A5376CD84B1F} = {0ECB96CE-A102-47CB-90AD-EBE1A39DB837}
		{217E171A-C313-41AC-89D8-45B8B137469B} = {2B437217-9A05-49FB-98A5-B0F16955D966}
		{81ADDB26-D5FF-404D-9620-36F9097E9CF1} = {0ECB96CE-A102-47CB-90AD-EBE1A39DB837}
		{7780067D-021D-4942-B630-B7DD03EFB069} = {15DAA044-35EF-41F9-AB85-9D341CCC7B47}
	EndGlobalSection
EndGlobal
